// !$*UTF8*$!
{
	archiveVersion = 1;
	classes = {
	};
	objectVersion = 50;
	objects = {

/* Begin PBXBuildFile section */
		444287302536A45E00814B37 /* AppDelegate.swift in Sources */ = {isa = PBXBuildFile; fileRef = 4442872F2536A45E00814B37 /* AppDelegate.swift */; };
		444287322536A45E00814B37 /* SceneDelegate.swift in Sources */ = {isa = PBXBuildFile; fileRef = 444287312536A45E00814B37 /* SceneDelegate.swift */; };
		4442873A2536A45E00814B37 /* WaterMyPlants.xcdatamodeld in Sources */ = {isa = PBXBuildFile; fileRef = 444287382536A45E00814B37 /* WaterMyPlants.xcdatamodeld */; };
		4442873C2536A46400814B37 /* Assets.xcassets in Resources */ = {isa = PBXBuildFile; fileRef = 4442873B2536A46400814B37 /* Assets.xcassets */; };
		4442873F2536A46400814B37 /* LaunchScreen.storyboard in Resources */ = {isa = PBXBuildFile; fileRef = 4442873D2536A46400814B37 /* LaunchScreen.storyboard */; };
		444287552536A46500814B37 /* WaterMyPlantsUITests.swift in Sources */ = {isa = PBXBuildFile; fileRef = 444287542536A46500814B37 /* WaterMyPlantsUITests.swift */; };
		449E578C25475897009666AD /* PlantTableViewCell.swift in Sources */ = {isa = PBXBuildFile; fileRef = 449E578B25475897009666AD /* PlantTableViewCell.swift */; };
		449E578E25475ABE009666AD /* PlantTableViewController.swift in Sources */ = {isa = PBXBuildFile; fileRef = 449E578D25475ABE009666AD /* PlantTableViewController.swift */; };
		44B27732253E79120070BBDA /* Main.storyboard in Resources */ = {isa = PBXBuildFile; fileRef = 44B27731253E79120070BBDA /* Main.storyboard */; };
		5EA19917B0D11784FC42062D /* Pods_WaterMyPlants_WaterMyPlantsUITests.framework in Frameworks */ = {isa = PBXBuildFile; fileRef = 743FCE20EDC9C8596A557435 /* Pods_WaterMyPlants_WaterMyPlantsUITests.framework */; };
		A1BE72785E242DF255C0A432 /* Pods_WaterMyPlants.framework in Frameworks */ = {isa = PBXBuildFile; fileRef = 5912B9FC3A65B35C0A3904DF /* Pods_WaterMyPlants.framework */; };
		E43F94382537F14C006972A7 /* PlantsDetailViewController.swift in Sources */ = {isa = PBXBuildFile; fileRef = E43F94372537F14C006972A7 /* PlantsDetailViewController.swift */; };
		E43F943D2537F165006972A7 /* AddPlantsViewController.swift in Sources */ = {isa = PBXBuildFile; fileRef = E43F943C2537F165006972A7 /* AddPlantsViewController.swift */; };
		E43F944A25392E7B006972A7 /* CoreDataStack.swift in Sources */ = {isa = PBXBuildFile; fileRef = E43F944925392E7B006972A7 /* CoreDataStack.swift */; };
		E43F946B25393265006972A7 /* UserRepresentation.swift in Sources */ = {isa = PBXBuildFile; fileRef = E43F946A25393265006972A7 /* UserRepresentation.swift */; };
		E43F94702539353E006972A7 /* PlantRepresentation.swift in Sources */ = {isa = PBXBuildFile; fileRef = E43F946F2539353E006972A7 /* PlantRepresentation.swift */; };
		E43F947525393609006972A7 /* Plant+Convenience.swift in Sources */ = {isa = PBXBuildFile; fileRef = E43F947425393609006972A7 /* Plant+Convenience.swift */; };
		F0DED5CB20DF5733775BCCF7 /* Pods_WaterMyPlantsTests.framework in Frameworks */ = {isa = PBXBuildFile; fileRef = 61B13B0286FB7620DF4C735E /* Pods_WaterMyPlantsTests.framework */; };
/* End PBXBuildFile section */

/* Begin PBXContainerItemProxy section */
		444287462536A46500814B37 /* PBXContainerItemProxy */ = {
			isa = PBXContainerItemProxy;
			containerPortal = 444287242536A45E00814B37 /* Project object */;
			proxyType = 1;
			remoteGlobalIDString = 4442872B2536A45E00814B37;
			remoteInfo = WaterMyPlants;
		};
		444287512536A46500814B37 /* PBXContainerItemProxy */ = {
			isa = PBXContainerItemProxy;
			containerPortal = 444287242536A45E00814B37 /* Project object */;
			proxyType = 1;
			remoteGlobalIDString = 4442872B2536A45E00814B37;
			remoteInfo = WaterMyPlants;
		};
/* End PBXContainerItemProxy section */

/* Begin PBXFileReference section */
		00276AE3D30295EE210B0C37 /* Pods-WaterMyPlants.release.xcconfig */ = {isa = PBXFileReference; includeInIndex = 1; lastKnownFileType = text.xcconfig; name = "Pods-WaterMyPlants.release.xcconfig"; path = "Target Support Files/Pods-WaterMyPlants/Pods-WaterMyPlants.release.xcconfig"; sourceTree = "<group>"; };
		0D4A9AC01FC1B4BD86532551 /* Pods-WaterMyPlants-WaterMyPlantsUITests.release.xcconfig */ = {isa = PBXFileReference; includeInIndex = 1; lastKnownFileType = text.xcconfig; name = "Pods-WaterMyPlants-WaterMyPlantsUITests.release.xcconfig"; path = "Target Support Files/Pods-WaterMyPlants-WaterMyPlantsUITests/Pods-WaterMyPlants-WaterMyPlantsUITests.release.xcconfig"; sourceTree = "<group>"; };
		4442872C2536A45E00814B37 /* WaterMyPlants.app */ = {isa = PBXFileReference; explicitFileType = wrapper.application; includeInIndex = 0; path = WaterMyPlants.app; sourceTree = BUILT_PRODUCTS_DIR; };
		4442872F2536A45E00814B37 /* AppDelegate.swift */ = {isa = PBXFileReference; lastKnownFileType = sourcecode.swift; path = AppDelegate.swift; sourceTree = "<group>"; };
		444287312536A45E00814B37 /* SceneDelegate.swift */ = {isa = PBXFileReference; lastKnownFileType = sourcecode.swift; path = SceneDelegate.swift; sourceTree = "<group>"; };
		444287392536A45E00814B37 /* WaterMyPlants.xcdatamodel */ = {isa = PBXFileReference; lastKnownFileType = wrapper.xcdatamodel; path = WaterMyPlants.xcdatamodel; sourceTree = "<group>"; };
		4442873B2536A46400814B37 /* Assets.xcassets */ = {isa = PBXFileReference; lastKnownFileType = folder.assetcatalog; path = Assets.xcassets; sourceTree = "<group>"; };
		4442873E2536A46400814B37 /* Base */ = {isa = PBXFileReference; lastKnownFileType = file.storyboard; name = Base; path = Base.lproj/LaunchScreen.storyboard; sourceTree = "<group>"; };
		444287402536A46400814B37 /* Info.plist */ = {isa = PBXFileReference; lastKnownFileType = text.plist.xml; path = Info.plist; sourceTree = "<group>"; };
		444287452536A46500814B37 /* WaterMyPlantsTests.xctest */ = {isa = PBXFileReference; explicitFileType = wrapper.cfbundle; includeInIndex = 0; path = WaterMyPlantsTests.xctest; sourceTree = BUILT_PRODUCTS_DIR; };
		444287502536A46500814B37 /* WaterMyPlantsUITests.xctest */ = {isa = PBXFileReference; explicitFileType = wrapper.cfbundle; includeInIndex = 0; path = WaterMyPlantsUITests.xctest; sourceTree = BUILT_PRODUCTS_DIR; };
		444287542536A46500814B37 /* WaterMyPlantsUITests.swift */ = {isa = PBXFileReference; lastKnownFileType = sourcecode.swift; path = WaterMyPlantsUITests.swift; sourceTree = "<group>"; };
		444287562536A46500814B37 /* Info.plist */ = {isa = PBXFileReference; lastKnownFileType = text.plist.xml; path = Info.plist; sourceTree = "<group>"; };
		449E578B25475897009666AD /* PlantTableViewCell.swift */ = {isa = PBXFileReference; lastKnownFileType = sourcecode.swift; path = PlantTableViewCell.swift; sourceTree = "<group>"; };
		449E578D25475ABE009666AD /* PlantTableViewController.swift */ = {isa = PBXFileReference; lastKnownFileType = sourcecode.swift; path = PlantTableViewController.swift; sourceTree = "<group>"; };
		44B27731253E79120070BBDA /* Main.storyboard */ = {isa = PBXFileReference; fileEncoding = 4; lastKnownFileType = file.storyboard; path = Main.storyboard; sourceTree = "<group>"; };
		530C2328B2CE4049A23CD730 /* Pods-WaterMyPlants.debug.xcconfig */ = {isa = PBXFileReference; includeInIndex = 1; lastKnownFileType = text.xcconfig; name = "Pods-WaterMyPlants.debug.xcconfig"; path = "Target Support Files/Pods-WaterMyPlants/Pods-WaterMyPlants.debug.xcconfig"; sourceTree = "<group>"; };
		5912B9FC3A65B35C0A3904DF /* Pods_WaterMyPlants.framework */ = {isa = PBXFileReference; explicitFileType = wrapper.framework; includeInIndex = 0; path = Pods_WaterMyPlants.framework; sourceTree = BUILT_PRODUCTS_DIR; };
		61B13B0286FB7620DF4C735E /* Pods_WaterMyPlantsTests.framework */ = {isa = PBXFileReference; explicitFileType = wrapper.framework; includeInIndex = 0; path = Pods_WaterMyPlantsTests.framework; sourceTree = BUILT_PRODUCTS_DIR; };
		7298525D4AAC3EA0C8C1261B /* Pods-WaterMyPlantsTests.release.xcconfig */ = {isa = PBXFileReference; includeInIndex = 1; lastKnownFileType = text.xcconfig; name = "Pods-WaterMyPlantsTests.release.xcconfig"; path = "Target Support Files/Pods-WaterMyPlantsTests/Pods-WaterMyPlantsTests.release.xcconfig"; sourceTree = "<group>"; };
		743FCE20EDC9C8596A557435 /* Pods_WaterMyPlants_WaterMyPlantsUITests.framework */ = {isa = PBXFileReference; explicitFileType = wrapper.framework; includeInIndex = 0; path = Pods_WaterMyPlants_WaterMyPlantsUITests.framework; sourceTree = BUILT_PRODUCTS_DIR; };
		C3FCC52988DEC6B1E9D5C84F /* Pods-WaterMyPlants-WaterMyPlantsUITests.debug.xcconfig */ = {isa = PBXFileReference; includeInIndex = 1; lastKnownFileType = text.xcconfig; name = "Pods-WaterMyPlants-WaterMyPlantsUITests.debug.xcconfig"; path = "Target Support Files/Pods-WaterMyPlants-WaterMyPlantsUITests/Pods-WaterMyPlants-WaterMyPlantsUITests.debug.xcconfig"; sourceTree = "<group>"; };
		DAFB592A25143AC2B0E9BB64 /* Pods-WaterMyPlantsTests.debug.xcconfig */ = {isa = PBXFileReference; includeInIndex = 1; lastKnownFileType = text.xcconfig; name = "Pods-WaterMyPlantsTests.debug.xcconfig"; path = "Target Support Files/Pods-WaterMyPlantsTests/Pods-WaterMyPlantsTests.debug.xcconfig"; sourceTree = "<group>"; };
		E43F94372537F14C006972A7 /* PlantsDetailViewController.swift */ = {isa = PBXFileReference; lastKnownFileType = sourcecode.swift; path = PlantsDetailViewController.swift; sourceTree = "<group>"; };
		E43F943C2537F165006972A7 /* AddPlantsViewController.swift */ = {isa = PBXFileReference; lastKnownFileType = sourcecode.swift; path = AddPlantsViewController.swift; sourceTree = "<group>"; };
		E43F944925392E7B006972A7 /* CoreDataStack.swift */ = {isa = PBXFileReference; lastKnownFileType = sourcecode.swift; name = CoreDataStack.swift; path = ../CoreData/CoreDataStack.swift; sourceTree = "<group>"; };
		E43F946A25393265006972A7 /* UserRepresentation.swift */ = {isa = PBXFileReference; lastKnownFileType = sourcecode.swift; path = UserRepresentation.swift; sourceTree = "<group>"; };
		E43F946F2539353E006972A7 /* PlantRepresentation.swift */ = {isa = PBXFileReference; lastKnownFileType = sourcecode.swift; path = PlantRepresentation.swift; sourceTree = "<group>"; };
		E43F947425393609006972A7 /* Plant+Convenience.swift */ = {isa = PBXFileReference; lastKnownFileType = sourcecode.swift; path = "Plant+Convenience.swift"; sourceTree = "<group>"; };
/* End PBXFileReference section */

/* Begin PBXFrameworksBuildPhase section */
		444287292536A45E00814B37 /* Frameworks */ = {
			isa = PBXFrameworksBuildPhase;
			buildActionMask = 2147483647;
			files = (
				A1BE72785E242DF255C0A432 /* Pods_WaterMyPlants.framework in Frameworks */,
			);
			runOnlyForDeploymentPostprocessing = 0;
		};
		444287422536A46500814B37 /* Frameworks */ = {
			isa = PBXFrameworksBuildPhase;
			buildActionMask = 2147483647;
			files = (
				F0DED5CB20DF5733775BCCF7 /* Pods_WaterMyPlantsTests.framework in Frameworks */,
			);
			runOnlyForDeploymentPostprocessing = 0;
		};
		4442874D2536A46500814B37 /* Frameworks */ = {
			isa = PBXFrameworksBuildPhase;
			buildActionMask = 2147483647;
			files = (
				5EA19917B0D11784FC42062D /* Pods_WaterMyPlants_WaterMyPlantsUITests.framework in Frameworks */,
			);
			runOnlyForDeploymentPostprocessing = 0;
		};
/* End PBXFrameworksBuildPhase section */

/* Begin PBXGroup section */
		3448F8AA9B838BB8BCAE8592 /* Pods */ = {
			isa = PBXGroup;
			children = (
				530C2328B2CE4049A23CD730 /* Pods-WaterMyPlants.debug.xcconfig */,
				00276AE3D30295EE210B0C37 /* Pods-WaterMyPlants.release.xcconfig */,
				C3FCC52988DEC6B1E9D5C84F /* Pods-WaterMyPlants-WaterMyPlantsUITests.debug.xcconfig */,
				0D4A9AC01FC1B4BD86532551 /* Pods-WaterMyPlants-WaterMyPlantsUITests.release.xcconfig */,
				DAFB592A25143AC2B0E9BB64 /* Pods-WaterMyPlantsTests.debug.xcconfig */,
				7298525D4AAC3EA0C8C1261B /* Pods-WaterMyPlantsTests.release.xcconfig */,
			);
			path = Pods;
			sourceTree = "<group>";
		};
		444287232536A45D00814B37 = {
			isa = PBXGroup;
			children = (
				4442872E2536A45E00814B37 /* WaterMyPlants */,
				444287532536A46500814B37 /* WaterMyPlantsUITests */,
				4442872D2536A45E00814B37 /* Products */,
				3448F8AA9B838BB8BCAE8592 /* Pods */,
				63B6F280486E31665998F292 /* Frameworks */,
			);
			sourceTree = "<group>";
		};
		4442872D2536A45E00814B37 /* Products */ = {
			isa = PBXGroup;
			children = (
				4442872C2536A45E00814B37 /* WaterMyPlants.app */,
				444287452536A46500814B37 /* WaterMyPlantsTests.xctest */,
				444287502536A46500814B37 /* WaterMyPlantsUITests.xctest */,
			);
			name = Products;
			sourceTree = "<group>";
		};
		4442872E2536A45E00814B37 /* WaterMyPlants */ = {
			isa = PBXGroup;
			children = (
				448CE7A42589C64B0064007F /* Core Data */,
				E43F94322537DEE8006972A7 /* Model */,
				E43F94332537DF37006972A7 /* Model Controller */,
				E43F94282536A927006972A7 /* View Controllers */,
				448CE7AC2589C6AF0064007F /* Storyboard */,
				448CE7A82589C6940064007F /* Application */,
			);
			path = WaterMyPlants;
			sourceTree = "<group>";
		};
		444287532536A46500814B37 /* WaterMyPlantsUITests */ = {
			isa = PBXGroup;
			children = (
				444287542536A46500814B37 /* WaterMyPlantsUITests.swift */,
				444287562536A46500814B37 /* Info.plist */,
			);
			path = WaterMyPlantsUITests;
			sourceTree = "<group>";
		};
		448CE7A42589C64B0064007F /* Core Data */ = {
			isa = PBXGroup;
			children = (
				444287382536A45E00814B37 /* WaterMyPlants.xcdatamodeld */,
				E43F944925392E7B006972A7 /* CoreDataStack.swift */,
				E43F947425393609006972A7 /* Plant+Convenience.swift */,
			);
			path = "Core Data";
			sourceTree = "<group>";
		};
		448CE7A82589C6940064007F /* Application */ = {
			isa = PBXGroup;
			children = (
				4442872F2536A45E00814B37 /* AppDelegate.swift */,
				444287312536A45E00814B37 /* SceneDelegate.swift */,
				444287402536A46400814B37 /* Info.plist */,
			);
			path = Application;
			sourceTree = "<group>";
		};
		448CE7AC2589C6AF0064007F /* Storyboard */ = {
			isa = PBXGroup;
			children = (
				4442873B2536A46400814B37 /* Assets.xcassets */,
				44B27731253E79120070BBDA /* Main.storyboard */,
				4442873D2536A46400814B37 /* LaunchScreen.storyboard */,
			);
			path = Storyboard;
			sourceTree = "<group>";
		};
		63B6F280486E31665998F292 /* Frameworks */ = {
			isa = PBXGroup;
			children = (
				5912B9FC3A65B35C0A3904DF /* Pods_WaterMyPlants.framework */,
				743FCE20EDC9C8596A557435 /* Pods_WaterMyPlants_WaterMyPlantsUITests.framework */,
				61B13B0286FB7620DF4C735E /* Pods_WaterMyPlantsTests.framework */,
			);
			name = Frameworks;
			sourceTree = "<group>";
		};
		E43F94282536A927006972A7 /* View Controllers */ = {
			isa = PBXGroup;
			children = (
				E43F943C2537F165006972A7 /* AddPlantsViewController.swift */,
				E43F94372537F14C006972A7 /* PlantsDetailViewController.swift */,
				449E578B25475897009666AD /* PlantTableViewCell.swift */,
				449E578D25475ABE009666AD /* PlantTableViewController.swift */,
			);
			path = "View Controllers";
			sourceTree = "<group>";
		};
		E43F94322537DEE8006972A7 /* Model */ = {
			isa = PBXGroup;
			children = (
				E43F946A25393265006972A7 /* UserRepresentation.swift */,
				E43F946F2539353E006972A7 /* PlantRepresentation.swift */,
			);
			path = Model;
			sourceTree = "<group>";
		};
		E43F94332537DF37006972A7 /* Model Controller */ = {
			isa = PBXGroup;
			children = (
			);
			path = "Model Controller";
			sourceTree = "<group>";
		};
/* End PBXGroup section */

/* Begin PBXNativeTarget section */
		4442872B2536A45E00814B37 /* WaterMyPlants */ = {
			isa = PBXNativeTarget;
			buildConfigurationList = 444287592536A46500814B37 /* Build configuration list for PBXNativeTarget "WaterMyPlants" */;
			buildPhases = (
				2CA4BDCFF9D187C779974052 /* [CP] Check Pods Manifest.lock */,
				444287282536A45E00814B37 /* Sources */,
				444287292536A45E00814B37 /* Frameworks */,
				4442872A2536A45E00814B37 /* Resources */,
				E412C956254265900013F1DD /* ShellScript */,
			);
			buildRules = (
			);
			dependencies = (
			);
			name = WaterMyPlants;
			productName = WaterMyPlants;
			productReference = 4442872C2536A45E00814B37 /* WaterMyPlants.app */;
			productType = "com.apple.product-type.application";
		};
		444287442536A46500814B37 /* WaterMyPlantsTests */ = {
			isa = PBXNativeTarget;
			buildConfigurationList = 4442875C2536A46500814B37 /* Build configuration list for PBXNativeTarget "WaterMyPlantsTests" */;
			buildPhases = (
				D6644A16C4527B5B49342035 /* [CP] Check Pods Manifest.lock */,
				444287412536A46500814B37 /* Sources */,
				444287422536A46500814B37 /* Frameworks */,
				444287432536A46500814B37 /* Resources */,
			);
			buildRules = (
			);
			dependencies = (
				444287472536A46500814B37 /* PBXTargetDependency */,
			);
			name = WaterMyPlantsTests;
			productName = WaterMyPlantsTests;
			productReference = 444287452536A46500814B37 /* WaterMyPlantsTests.xctest */;
			productType = "com.apple.product-type.bundle.unit-test";
		};
		4442874F2536A46500814B37 /* WaterMyPlantsUITests */ = {
			isa = PBXNativeTarget;
			buildConfigurationList = 4442875F2536A46500814B37 /* Build configuration list for PBXNativeTarget "WaterMyPlantsUITests" */;
			buildPhases = (
				0C11699AA25BC2D0F61556BE /* [CP] Check Pods Manifest.lock */,
				4442874C2536A46500814B37 /* Sources */,
				4442874D2536A46500814B37 /* Frameworks */,
				4442874E2536A46500814B37 /* Resources */,
			);
			buildRules = (
			);
			dependencies = (
				444287522536A46500814B37 /* PBXTargetDependency */,
			);
			name = WaterMyPlantsUITests;
			productName = WaterMyPlantsUITests;
			productReference = 444287502536A46500814B37 /* WaterMyPlantsUITests.xctest */;
			productType = "com.apple.product-type.bundle.ui-testing";
		};
/* End PBXNativeTarget section */

/* Begin PBXProject section */
		444287242536A45E00814B37 /* Project object */ = {
			isa = PBXProject;
			attributes = {
				LastSwiftUpdateCheck = 1170;
				LastUpgradeCheck = 1170;
				ORGANIZATIONNAME = "Craig Belinfante";
				TargetAttributes = {
					4442872B2536A45E00814B37 = {
						CreatedOnToolsVersion = 11.7;
					};
					444287442536A46500814B37 = {
						CreatedOnToolsVersion = 11.7;
						TestTargetID = 4442872B2536A45E00814B37;
					};
					4442874F2536A46500814B37 = {
						CreatedOnToolsVersion = 11.7;
						TestTargetID = 4442872B2536A45E00814B37;
					};
				};
			};
			buildConfigurationList = 444287272536A45E00814B37 /* Build configuration list for PBXProject "WaterMyPlants" */;
			compatibilityVersion = "Xcode 9.3";
			developmentRegion = en;
			hasScannedForEncodings = 0;
			knownRegions = (
				en,
				Base,
			);
			mainGroup = 444287232536A45D00814B37;
			productRefGroup = 4442872D2536A45E00814B37 /* Products */;
			projectDirPath = "";
			projectRoot = "";
			targets = (
				4442872B2536A45E00814B37 /* WaterMyPlants */,
				444287442536A46500814B37 /* WaterMyPlantsTests */,
				4442874F2536A46500814B37 /* WaterMyPlantsUITests */,
			);
		};
/* End PBXProject section */

/* Begin PBXResourcesBuildPhase section */
		4442872A2536A45E00814B37 /* Resources */ = {
			isa = PBXResourcesBuildPhase;
			buildActionMask = 2147483647;
			files = (
				44B27732253E79120070BBDA /* Main.storyboard in Resources */,
				4442873F2536A46400814B37 /* LaunchScreen.storyboard in Resources */,
				4442873C2536A46400814B37 /* Assets.xcassets in Resources */,
			);
			runOnlyForDeploymentPostprocessing = 0;
		};
		444287432536A46500814B37 /* Resources */ = {
			isa = PBXResourcesBuildPhase;
			buildActionMask = 2147483647;
			files = (
			);
			runOnlyForDeploymentPostprocessing = 0;
		};
		4442874E2536A46500814B37 /* Resources */ = {
			isa = PBXResourcesBuildPhase;
			buildActionMask = 2147483647;
			files = (
			);
			runOnlyForDeploymentPostprocessing = 0;
		};
/* End PBXResourcesBuildPhase section */

/* Begin PBXShellScriptBuildPhase section */
		0C11699AA25BC2D0F61556BE /* [CP] Check Pods Manifest.lock */ = {
			isa = PBXShellScriptBuildPhase;
			buildActionMask = 2147483647;
			files = (
			);
			inputFileListPaths = (
			);
			inputPaths = (
				"${PODS_PODFILE_DIR_PATH}/Podfile.lock",
				"${PODS_ROOT}/Manifest.lock",
			);
			name = "[CP] Check Pods Manifest.lock";
			outputFileListPaths = (
			);
			outputPaths = (
				"$(DERIVED_FILE_DIR)/Pods-WaterMyPlants-WaterMyPlantsUITests-checkManifestLockResult.txt",
			);
			runOnlyForDeploymentPostprocessing = 0;
			shellPath = /bin/sh;
			shellScript = "diff \"${PODS_PODFILE_DIR_PATH}/Podfile.lock\" \"${PODS_ROOT}/Manifest.lock\" > /dev/null\nif [ $? != 0 ] ; then\n    # print error to STDERR\n    echo \"error: The sandbox is not in sync with the Podfile.lock. Run 'pod install' or update your CocoaPods installation.\" >&2\n    exit 1\nfi\n# This output is used by Xcode 'outputs' to avoid re-running this script phase.\necho \"SUCCESS\" > \"${SCRIPT_OUTPUT_FILE_0}\"\n";
			showEnvVarsInLog = 0;
		};
		2CA4BDCFF9D187C779974052 /* [CP] Check Pods Manifest.lock */ = {
			isa = PBXShellScriptBuildPhase;
			buildActionMask = 2147483647;
			files = (
			);
			inputFileListPaths = (
			);
			inputPaths = (
				"${PODS_PODFILE_DIR_PATH}/Podfile.lock",
				"${PODS_ROOT}/Manifest.lock",
			);
			name = "[CP] Check Pods Manifest.lock";
			outputFileListPaths = (
			);
			outputPaths = (
				"$(DERIVED_FILE_DIR)/Pods-WaterMyPlants-checkManifestLockResult.txt",
			);
			runOnlyForDeploymentPostprocessing = 0;
			shellPath = /bin/sh;
			shellScript = "diff \"${PODS_PODFILE_DIR_PATH}/Podfile.lock\" \"${PODS_ROOT}/Manifest.lock\" > /dev/null\nif [ $? != 0 ] ; then\n    # print error to STDERR\n    echo \"error: The sandbox is not in sync with the Podfile.lock. Run 'pod install' or update your CocoaPods installation.\" >&2\n    exit 1\nfi\n# This output is used by Xcode 'outputs' to avoid re-running this script phase.\necho \"SUCCESS\" > \"${SCRIPT_OUTPUT_FILE_0}\"\n";
			showEnvVarsInLog = 0;
		};
		D6644A16C4527B5B49342035 /* [CP] Check Pods Manifest.lock */ = {
			isa = PBXShellScriptBuildPhase;
			buildActionMask = 2147483647;
			files = (
			);
			inputFileListPaths = (
			);
			inputPaths = (
				"${PODS_PODFILE_DIR_PATH}/Podfile.lock",
				"${PODS_ROOT}/Manifest.lock",
			);
			name = "[CP] Check Pods Manifest.lock";
			outputFileListPaths = (
			);
			outputPaths = (
				"$(DERIVED_FILE_DIR)/Pods-WaterMyPlantsTests-checkManifestLockResult.txt",
			);
			runOnlyForDeploymentPostprocessing = 0;
			shellPath = /bin/sh;
			shellScript = "diff \"${PODS_PODFILE_DIR_PATH}/Podfile.lock\" \"${PODS_ROOT}/Manifest.lock\" > /dev/null\nif [ $? != 0 ] ; then\n    # print error to STDERR\n    echo \"error: The sandbox is not in sync with the Podfile.lock. Run 'pod install' or update your CocoaPods installation.\" >&2\n    exit 1\nfi\n# This output is used by Xcode 'outputs' to avoid re-running this script phase.\necho \"SUCCESS\" > \"${SCRIPT_OUTPUT_FILE_0}\"\n";
			showEnvVarsInLog = 0;
		};
		E412C956254265900013F1DD /* ShellScript */ = {
			isa = PBXShellScriptBuildPhase;
			buildActionMask = 2147483647;
			files = (
			);
			inputFileListPaths = (
			);
			inputPaths = (
			);
			outputFileListPaths = (
			);
			outputPaths = (
			);
			runOnlyForDeploymentPostprocessing = 0;
			shellPath = /bin/sh;
			shellScript = "\"${PODS_ROOT}/SwiftLint/swiftlint\"\n";
		};
/* End PBXShellScriptBuildPhase section */

/* Begin PBXSourcesBuildPhase section */
		444287282536A45E00814B37 /* Sources */ = {
			isa = PBXSourcesBuildPhase;
			buildActionMask = 2147483647;
			files = (
				E43F947525393609006972A7 /* Plant+Convenience.swift in Sources */,
				E43F94382537F14C006972A7 /* PlantsDetailViewController.swift in Sources */,
				E43F944A25392E7B006972A7 /* CoreDataStack.swift in Sources */,
				4442873A2536A45E00814B37 /* WaterMyPlants.xcdatamodeld in Sources */,
				449E578E25475ABE009666AD /* PlantTableViewController.swift in Sources */,
				444287302536A45E00814B37 /* AppDelegate.swift in Sources */,
				E43F946B25393265006972A7 /* UserRepresentation.swift in Sources */,
				E43F943D2537F165006972A7 /* AddPlantsViewController.swift in Sources */,
				449E578C25475897009666AD /* PlantTableViewCell.swift in Sources */,
				E43F94702539353E006972A7 /* PlantRepresentation.swift in Sources */,
				444287322536A45E00814B37 /* SceneDelegate.swift in Sources */,
			);
			runOnlyForDeploymentPostprocessing = 0;
		};
		444287412536A46500814B37 /* Sources */ = {
			isa = PBXSourcesBuildPhase;
			buildActionMask = 2147483647;
			files = (
			);
			runOnlyForDeploymentPostprocessing = 0;
		};
		4442874C2536A46500814B37 /* Sources */ = {
			isa = PBXSourcesBuildPhase;
			buildActionMask = 2147483647;
			files = (
				444287552536A46500814B37 /* WaterMyPlantsUITests.swift in Sources */,
			);
			runOnlyForDeploymentPostprocessing = 0;
		};
/* End PBXSourcesBuildPhase section */

/* Begin PBXTargetDependency section */
		444287472536A46500814B37 /* PBXTargetDependency */ = {
			isa = PBXTargetDependency;
			target = 4442872B2536A45E00814B37 /* WaterMyPlants */;
			targetProxy = 444287462536A46500814B37 /* PBXContainerItemProxy */;
		};
		444287522536A46500814B37 /* PBXTargetDependency */ = {
			isa = PBXTargetDependency;
			target = 4442872B2536A45E00814B37 /* WaterMyPlants */;
			targetProxy = 444287512536A46500814B37 /* PBXContainerItemProxy */;
		};
/* End PBXTargetDependency section */

/* Begin PBXVariantGroup section */
		4442873D2536A46400814B37 /* LaunchScreen.storyboard */ = {
			isa = PBXVariantGroup;
			children = (
				4442873E2536A46400814B37 /* Base */,
			);
			name = LaunchScreen.storyboard;
			sourceTree = "<group>";
		};
/* End PBXVariantGroup section */

/* Begin XCBuildConfiguration section */
		444287572536A46500814B37 /* Debug */ = {
			isa = XCBuildConfiguration;
			buildSettings = {
				ALWAYS_SEARCH_USER_PATHS = NO;
				CLANG_ANALYZER_NONNULL = YES;
				CLANG_ANALYZER_NUMBER_OBJECT_CONVERSION = YES_AGGRESSIVE;
				CLANG_CXX_LANGUAGE_STANDARD = "gnu++14";
				CLANG_CXX_LIBRARY = "libc++";
				CLANG_ENABLE_MODULES = YES;
				CLANG_ENABLE_OBJC_ARC = YES;
				CLANG_ENABLE_OBJC_WEAK = YES;
				CLANG_WARN_BLOCK_CAPTURE_AUTORELEASING = YES;
				CLANG_WARN_BOOL_CONVERSION = YES;
				CLANG_WARN_COMMA = YES;
				CLANG_WARN_CONSTANT_CONVERSION = YES;
				CLANG_WARN_DEPRECATED_OBJC_IMPLEMENTATIONS = YES;
				CLANG_WARN_DIRECT_OBJC_ISA_USAGE = YES_ERROR;
				CLANG_WARN_DOCUMENTATION_COMMENTS = YES;
				CLANG_WARN_EMPTY_BODY = YES;
				CLANG_WARN_ENUM_CONVERSION = YES;
				CLANG_WARN_INFINITE_RECURSION = YES;
				CLANG_WARN_INT_CONVERSION = YES;
				CLANG_WARN_NON_LITERAL_NULL_CONVERSION = YES;
				CLANG_WARN_OBJC_IMPLICIT_RETAIN_SELF = YES;
				CLANG_WARN_OBJC_LITERAL_CONVERSION = YES;
				CLANG_WARN_OBJC_ROOT_CLASS = YES_ERROR;
				CLANG_WARN_RANGE_LOOP_ANALYSIS = YES;
				CLANG_WARN_STRICT_PROTOTYPES = YES;
				CLANG_WARN_SUSPICIOUS_MOVE = YES;
				CLANG_WARN_UNGUARDED_AVAILABILITY = YES_AGGRESSIVE;
				CLANG_WARN_UNREACHABLE_CODE = YES;
				CLANG_WARN__DUPLICATE_METHOD_MATCH = YES;
				COPY_PHASE_STRIP = NO;
				DEBUG_INFORMATION_FORMAT = dwarf;
				ENABLE_STRICT_OBJC_MSGSEND = YES;
				ENABLE_TESTABILITY = YES;
				GCC_C_LANGUAGE_STANDARD = gnu11;
				GCC_DYNAMIC_NO_PIC = NO;
				GCC_NO_COMMON_BLOCKS = YES;
				GCC_OPTIMIZATION_LEVEL = 0;
				GCC_PREPROCESSOR_DEFINITIONS = (
					"DEBUG=1",
					"$(inherited)",
				);
				GCC_WARN_64_TO_32_BIT_CONVERSION = YES;
				GCC_WARN_ABOUT_RETURN_TYPE = YES_ERROR;
				GCC_WARN_UNDECLARED_SELECTOR = YES;
				GCC_WARN_UNINITIALIZED_AUTOS = YES_AGGRESSIVE;
				GCC_WARN_UNUSED_FUNCTION = YES;
				GCC_WARN_UNUSED_VARIABLE = YES;
				IPHONEOS_DEPLOYMENT_TARGET = 13.7;
				MTL_ENABLE_DEBUG_INFO = INCLUDE_SOURCE;
				MTL_FAST_MATH = YES;
				ONLY_ACTIVE_ARCH = YES;
				SDKROOT = iphoneos;
				SWIFT_ACTIVE_COMPILATION_CONDITIONS = DEBUG;
				SWIFT_OPTIMIZATION_LEVEL = "-Onone";
			};
			name = Debug;
		};
		444287582536A46500814B37 /* Release */ = {
			isa = XCBuildConfiguration;
			buildSettings = {
				ALWAYS_SEARCH_USER_PATHS = NO;
				CLANG_ANALYZER_NONNULL = YES;
				CLANG_ANALYZER_NUMBER_OBJECT_CONVERSION = YES_AGGRESSIVE;
				CLANG_CXX_LANGUAGE_STANDARD = "gnu++14";
				CLANG_CXX_LIBRARY = "libc++";
				CLANG_ENABLE_MODULES = YES;
				CLANG_ENABLE_OBJC_ARC = YES;
				CLANG_ENABLE_OBJC_WEAK = YES;
				CLANG_WARN_BLOCK_CAPTURE_AUTORELEASING = YES;
				CLANG_WARN_BOOL_CONVERSION = YES;
				CLANG_WARN_COMMA = YES;
				CLANG_WARN_CONSTANT_CONVERSION = YES;
				CLANG_WARN_DEPRECATED_OBJC_IMPLEMENTATIONS = YES;
				CLANG_WARN_DIRECT_OBJC_ISA_USAGE = YES_ERROR;
				CLANG_WARN_DOCUMENTATION_COMMENTS = YES;
				CLANG_WARN_EMPTY_BODY = YES;
				CLANG_WARN_ENUM_CONVERSION = YES;
				CLANG_WARN_INFINITE_RECURSION = YES;
				CLANG_WARN_INT_CONVERSION = YES;
				CLANG_WARN_NON_LITERAL_NULL_CONVERSION = YES;
				CLANG_WARN_OBJC_IMPLICIT_RETAIN_SELF = YES;
				CLANG_WARN_OBJC_LITERAL_CONVERSION = YES;
				CLANG_WARN_OBJC_ROOT_CLASS = YES_ERROR;
				CLANG_WARN_RANGE_LOOP_ANALYSIS = YES;
				CLANG_WARN_STRICT_PROTOTYPES = YES;
				CLANG_WARN_SUSPICIOUS_MOVE = YES;
				CLANG_WARN_UNGUARDED_AVAILABILITY = YES_AGGRESSIVE;
				CLANG_WARN_UNREACHABLE_CODE = YES;
				CLANG_WARN__DUPLICATE_METHOD_MATCH = YES;
				COPY_PHASE_STRIP = NO;
				DEBUG_INFORMATION_FORMAT = "dwarf-with-dsym";
				ENABLE_NS_ASSERTIONS = NO;
				ENABLE_STRICT_OBJC_MSGSEND = YES;
				GCC_C_LANGUAGE_STANDARD = gnu11;
				GCC_NO_COMMON_BLOCKS = YES;
				GCC_WARN_64_TO_32_BIT_CONVERSION = YES;
				GCC_WARN_ABOUT_RETURN_TYPE = YES_ERROR;
				GCC_WARN_UNDECLARED_SELECTOR = YES;
				GCC_WARN_UNINITIALIZED_AUTOS = YES_AGGRESSIVE;
				GCC_WARN_UNUSED_FUNCTION = YES;
				GCC_WARN_UNUSED_VARIABLE = YES;
				IPHONEOS_DEPLOYMENT_TARGET = 13.7;
				MTL_ENABLE_DEBUG_INFO = NO;
				MTL_FAST_MATH = YES;
				SDKROOT = iphoneos;
				SWIFT_COMPILATION_MODE = wholemodule;
				SWIFT_OPTIMIZATION_LEVEL = "-O";
				VALIDATE_PRODUCT = YES;
			};
			name = Release;
		};
		4442875A2536A46500814B37 /* Debug */ = {
			isa = XCBuildConfiguration;
			baseConfigurationReference = 530C2328B2CE4049A23CD730 /* Pods-WaterMyPlants.debug.xcconfig */;
			buildSettings = {
				ASSETCATALOG_COMPILER_APPICON_NAME = AppIcon;
				CODE_SIGN_STYLE = Automatic;
				DEVELOPMENT_TEAM = HQ2TDS9ZTM;
				INFOPLIST_FILE = WaterMyPlants/Info.plist;
				LD_RUNPATH_SEARCH_PATHS = (
					"$(inherited)",
					"@executable_path/Frameworks",
				);
				PRODUCT_BUNDLE_IDENTIFIER = com.lambdaschool.WaterMyPlants;
				PRODUCT_NAME = "$(TARGET_NAME)";
				SWIFT_VERSION = 5.0;
				TARGETED_DEVICE_FAMILY = "1,2";
			};
			name = Debug;
		};
		4442875B2536A46500814B37 /* Release */ = {
			isa = XCBuildConfiguration;
			baseConfigurationReference = 00276AE3D30295EE210B0C37 /* Pods-WaterMyPlants.release.xcconfig */;
			buildSettings = {
				ASSETCATALOG_COMPILER_APPICON_NAME = AppIcon;
				CODE_SIGN_STYLE = Automatic;
				DEVELOPMENT_TEAM = HQ2TDS9ZTM;
				INFOPLIST_FILE = WaterMyPlants/Info.plist;
				LD_RUNPATH_SEARCH_PATHS = (
					"$(inherited)",
					"@executable_path/Frameworks",
				);
				PRODUCT_BUNDLE_IDENTIFIER = com.lambdaschool.WaterMyPlants;
				PRODUCT_NAME = "$(TARGET_NAME)";
				SWIFT_VERSION = 5.0;
				TARGETED_DEVICE_FAMILY = "1,2";
			};
			name = Release;
		};
		4442875D2536A46500814B37 /* Debug */ = {
			isa = XCBuildConfiguration;
			baseConfigurationReference = DAFB592A25143AC2B0E9BB64 /* Pods-WaterMyPlantsTests.debug.xcconfig */;
			buildSettings = {
				ALWAYS_EMBED_SWIFT_STANDARD_LIBRARIES = YES;
				BUNDLE_LOADER = "$(TEST_HOST)";
				CODE_SIGN_STYLE = Automatic;
				DEVELOPMENT_TEAM = HQ2TDS9ZTM;
				INFOPLIST_FILE = WaterMyPlantsTests/Info.plist;
				IPHONEOS_DEPLOYMENT_TARGET = 13.7;
				LD_RUNPATH_SEARCH_PATHS = (
					"$(inherited)",
					"@executable_path/Frameworks",
					"@loader_path/Frameworks",
				);
				PRODUCT_BUNDLE_IDENTIFIER = com.lambdaschool.WaterMyPlantsTests;
				PRODUCT_NAME = "$(TARGET_NAME)";
				SWIFT_VERSION = 5.0;
				TARGETED_DEVICE_FAMILY = "1,2";
				TEST_HOST = "$(BUILT_PRODUCTS_DIR)/WaterMyPlants.app/WaterMyPlants";
			};
			name = Debug;
		};
		4442875E2536A46500814B37 /* Release */ = {
			isa = XCBuildConfiguration;
			baseConfigurationReference = 7298525D4AAC3EA0C8C1261B /* Pods-WaterMyPlantsTests.release.xcconfig */;
			buildSettings = {
				ALWAYS_EMBED_SWIFT_STANDARD_LIBRARIES = YES;
				BUNDLE_LOADER = "$(TEST_HOST)";
				CODE_SIGN_STYLE = Automatic;
				DEVELOPMENT_TEAM = HQ2TDS9ZTM;
				INFOPLIST_FILE = WaterMyPlantsTests/Info.plist;
				IPHONEOS_DEPLOYMENT_TARGET = 13.7;
				LD_RUNPATH_SEARCH_PATHS = (
					"$(inherited)",
					"@executable_path/Frameworks",
					"@loader_path/Frameworks",
				);
				PRODUCT_BUNDLE_IDENTIFIER = com.lambdaschool.WaterMyPlantsTests;
				PRODUCT_NAME = "$(TARGET_NAME)";
				SWIFT_VERSION = 5.0;
				TARGETED_DEVICE_FAMILY = "1,2";
				TEST_HOST = "$(BUILT_PRODUCTS_DIR)/WaterMyPlants.app/WaterMyPlants";
			};
			name = Release;
		};
		444287602536A46500814B37 /* Debug */ = {
			isa = XCBuildConfiguration;
			baseConfigurationReference = C3FCC52988DEC6B1E9D5C84F /* Pods-WaterMyPlants-WaterMyPlantsUITests.debug.xcconfig */;
			buildSettings = {
				ALWAYS_EMBED_SWIFT_STANDARD_LIBRARIES = YES;
				CODE_SIGN_STYLE = Automatic;
				DEVELOPMENT_TEAM = HQ2TDS9ZTM;
				INFOPLIST_FILE = WaterMyPlantsUITests/Info.plist;
				LD_RUNPATH_SEARCH_PATHS = (
					"$(inherited)",
					"@executable_path/Frameworks",
					"@loader_path/Frameworks",
				);
				PRODUCT_BUNDLE_IDENTIFIER = com.lambdaschool.WaterMyPlantsUITests;
				PRODUCT_NAME = "$(TARGET_NAME)";
				SWIFT_VERSION = 5.0;
				TARGETED_DEVICE_FAMILY = "1,2";
				TEST_TARGET_NAME = WaterMyPlants;
			};
			name = Debug;
		};
		444287612536A46500814B37 /* Release */ = {
			isa = XCBuildConfiguration;
			baseConfigurationReference = 0D4A9AC01FC1B4BD86532551 /* Pods-WaterMyPlants-WaterMyPlantsUITests.release.xcconfig */;
			buildSettings = {
				ALWAYS_EMBED_SWIFT_STANDARD_LIBRARIES = YES;
				CODE_SIGN_STYLE = Automatic;
				DEVELOPMENT_TEAM = HQ2TDS9ZTM;
				INFOPLIST_FILE = WaterMyPlantsUITests/Info.plist;
				LD_RUNPATH_SEARCH_PATHS = (
					"$(inherited)",
					"@executable_path/Frameworks",
					"@loader_path/Frameworks",
				);
				PRODUCT_BUNDLE_IDENTIFIER = com.lambdaschool.WaterMyPlantsUITests;
				PRODUCT_NAME = "$(TARGET_NAME)";
				SWIFT_VERSION = 5.0;
				TARGETED_DEVICE_FAMILY = "1,2";
				TEST_TARGET_NAME = WaterMyPlants;
			};
			name = Release;
		};
/* End XCBuildConfiguration section */

/* Begin XCConfigurationList section */
		444287272536A45E00814B37 /* Build configuration list for PBXProject "WaterMyPlants" */ = {
			isa = XCConfigurationList;
			buildConfigurations = (
				444287572536A46500814B37 /* Debug */,
				444287582536A46500814B37 /* Release */,
			);
			defaultConfigurationIsVisible = 0;
			defaultConfigurationName = Release;
		};
		444287592536A46500814B37 /* Build configuration list for PBXNativeTarget "WaterMyPlants" */ = {
			isa = XCConfigurationList;
			buildConfigurations = (
				4442875A2536A46500814B37 /* Debug */,
				4442875B2536A46500814B37 /* Release */,
			);
			defaultConfigurationIsVisible = 0;
			defaultConfigurationName = Release;
		};
		4442875C2536A46500814B37 /* Build configuration list for PBXNativeTarget "WaterMyPlantsTests" */ = {
			isa = XCConfigurationList;
			buildConfigurations = (
				4442875D2536A46500814B37 /* Debug */,
				4442875E2536A46500814B37 /* Release */,
			);
			defaultConfigurationIsVisible = 0;
			defaultConfigurationName = Release;
		};
		4442875F2536A46500814B37 /* Build configuration list for PBXNativeTarget "WaterMyPlantsUITests" */ = {
			isa = XCConfigurationList;
			buildConfigurations = (
				444287602536A46500814B37 /* Debug */,
				444287612536A46500814B37 /* Release */,
			);
			defaultConfigurationIsVisible = 0;
			defaultConfigurationName = Release;
		};
/* End XCConfigurationList section */

/* Begin XCVersionGroup section */
		444287382536A45E00814B37 /* WaterMyPlants.xcdatamodeld */ = {
			isa = XCVersionGroup;
			children = (
				444287392536A45E00814B37 /* WaterMyPlants.xcdatamodel */,
			);
			currentVersion = 444287392536A45E00814B37 /* WaterMyPlants.xcdatamodel */;
			path = WaterMyPlants.xcdatamodeld;
			sourceTree = "<group>";
			versionGroupType = wrapper.xcdatamodel;
		};
/* End XCVersionGroup section */
	};
	rootObject = 444287242536A45E00814B37 /* Project object */;
}
