// !$*UTF8*$!
{
	archiveVersion = 1;
	classes = {
	};
	objectVersion = 50;
	objects = {

/* Begin PBXBuildFile section */
		448CE7BD2589CC8B0064007F /* AppDelegate.swift in Sources */ = {isa = PBXBuildFile; fileRef = 448CE7BC2589CC8B0064007F /* AppDelegate.swift */; };
		448CE7BF2589CC8B0064007F /* SceneDelegate.swift in Sources */ = {isa = PBXBuildFile; fileRef = 448CE7BE2589CC8B0064007F /* SceneDelegate.swift */; };
		448CE7C12589CC8B0064007F /* ViewController.swift in Sources */ = {isa = PBXBuildFile; fileRef = 448CE7C02589CC8B0064007F /* ViewController.swift */; };
		448CE7C42589CC8C0064007F /* Main.storyboard in Resources */ = {isa = PBXBuildFile; fileRef = 448CE7C22589CC8C0064007F /* Main.storyboard */; };
		448CE7C62589CC910064007F /* Assets.xcassets in Resources */ = {isa = PBXBuildFile; fileRef = 448CE7C52589CC910064007F /* Assets.xcassets */; };
		448CE7C92589CC910064007F /* LaunchScreen.storyboard in Resources */ = {isa = PBXBuildFile; fileRef = 448CE7C72589CC910064007F /* LaunchScreen.storyboard */; };
		448CE7D42589CC920064007F /* PlantyTests.swift in Sources */ = {isa = PBXBuildFile; fileRef = 448CE7D32589CC920064007F /* PlantyTests.swift */; };
		448CE7DF2589CC920064007F /* PlantyUITests.swift in Sources */ = {isa = PBXBuildFile; fileRef = 448CE7DE2589CC920064007F /* PlantyUITests.swift */; };
/* End PBXBuildFile section */

/* Begin PBXContainerItemProxy section */
		448CE7D02589CC920064007F /* PBXContainerItemProxy */ = {
			isa = PBXContainerItemProxy;
			containerPortal = 448CE7B12589CC8B0064007F /* Project object */;
			proxyType = 1;
			remoteGlobalIDString = 448CE7B82589CC8B0064007F;
			remoteInfo = Planty;
		};
		448CE7DB2589CC920064007F /* PBXContainerItemProxy */ = {
			isa = PBXContainerItemProxy;
			containerPortal = 448CE7B12589CC8B0064007F /* Project object */;
			proxyType = 1;
			remoteGlobalIDString = 448CE7B82589CC8B0064007F;
			remoteInfo = Planty;
		};
/* End PBXContainerItemProxy section */

/* Begin PBXFileReference section */
		448CE7B92589CC8B0064007F /* Planty.app */ = {isa = PBXFileReference; explicitFileType = wrapper.application; includeInIndex = 0; path = Planty.app; sourceTree = BUILT_PRODUCTS_DIR; };
		448CE7BC2589CC8B0064007F /* AppDelegate.swift */ = {isa = PBXFileReference; lastKnownFileType = sourcecode.swift; path = AppDelegate.swift; sourceTree = "<group>"; };
		448CE7BE2589CC8B0064007F /* SceneDelegate.swift */ = {isa = PBXFileReference; lastKnownFileType = sourcecode.swift; path = SceneDelegate.swift; sourceTree = "<group>"; };
		448CE7C02589CC8B0064007F /* ViewController.swift */ = {isa = PBXFileReference; lastKnownFileType = sourcecode.swift; path = ViewController.swift; sourceTree = "<group>"; };
		448CE7C32589CC8C0064007F /* Base */ = {isa = PBXFileReference; lastKnownFileType = file.storyboard; name = Base; path = Base.lproj/Main.storyboard; sourceTree = "<group>"; };
		448CE7C52589CC910064007F /* Assets.xcassets */ = {isa = PBXFileReference; lastKnownFileType = folder.assetcatalog; path = Assets.xcassets; sourceTree = "<group>"; };
		448CE7C82589CC910064007F /* Base */ = {isa = PBXFileReference; lastKnownFileType = file.storyboard; name = Base; path = Base.lproj/LaunchScreen.storyboard; sourceTree = "<group>"; };
		448CE7CA2589CC910064007F /* Info.plist */ = {isa = PBXFileReference; lastKnownFileType = text.plist.xml; path = Info.plist; sourceTree = "<group>"; };
		448CE7CF2589CC910064007F /* PlantyTests.xctest */ = {isa = PBXFileReference; explicitFileType = wrapper.cfbundle; includeInIndex = 0; path = PlantyTests.xctest; sourceTree = BUILT_PRODUCTS_DIR; };
		448CE7D32589CC920064007F /* PlantyTests.swift */ = {isa = PBXFileReference; lastKnownFileType = sourcecode.swift; path = PlantyTests.swift; sourceTree = "<group>"; };
		448CE7D52589CC920064007F /* Info.plist */ = {isa = PBXFileReference; lastKnownFileType = text.plist.xml; path = Info.plist; sourceTree = "<group>"; };
		448CE7DA2589CC920064007F /* PlantyUITests.xctest */ = {isa = PBXFileReference; explicitFileType = wrapper.cfbundle; includeInIndex = 0; path = PlantyUITests.xctest; sourceTree = BUILT_PRODUCTS_DIR; };
		448CE7DE2589CC920064007F /* PlantyUITests.swift */ = {isa = PBXFileReference; lastKnownFileType = sourcecode.swift; path = PlantyUITests.swift; sourceTree = "<group>"; };
		448CE7E02589CC920064007F /* Info.plist */ = {isa = PBXFileReference; lastKnownFileType = text.plist.xml; path = Info.plist; sourceTree = "<group>"; };
/* End PBXFileReference section */

/* Begin PBXFrameworksBuildPhase section */
		448CE7B62589CC8B0064007F /* Frameworks */ = {
			isa = PBXFrameworksBuildPhase;
			buildActionMask = 2147483647;
			files = (
			);
			runOnlyForDeploymentPostprocessing = 0;
		};
		448CE7CC2589CC910064007F /* Frameworks */ = {
			isa = PBXFrameworksBuildPhase;
			buildActionMask = 2147483647;
			files = (
			);
			runOnlyForDeploymentPostprocessing = 0;
		};
		448CE7D72589CC920064007F /* Frameworks */ = {
			isa = PBXFrameworksBuildPhase;
			buildActionMask = 2147483647;
			files = (
			);
			runOnlyForDeploymentPostprocessing = 0;
		};
/* End PBXFrameworksBuildPhase section */

/* Begin PBXGroup section */
		448CE7B02589CC8B0064007F = {
			isa = PBXGroup;
			children = (
				448CE7BB2589CC8B0064007F /* Planty */,
				448CE7D22589CC920064007F /* PlantyTests */,
				448CE7DD2589CC920064007F /* PlantyUITests */,
				448CE7BA2589CC8B0064007F /* Products */,
			);
			sourceTree = "<group>";
		};
		448CE7BA2589CC8B0064007F /* Products */ = {
			isa = PBXGroup;
			children = (
				448CE7B92589CC8B0064007F /* Planty.app */,
				448CE7CF2589CC910064007F /* PlantyTests.xctest */,
				448CE7DA2589CC920064007F /* PlantyUITests.xctest */,
			);
			name = Products;
			sourceTree = "<group>";
		};
		448CE7BB2589CC8B0064007F /* Planty */ = {
			isa = PBXGroup;
			children = (
				448CE7BC2589CC8B0064007F /* AppDelegate.swift */,
				448CE7BE2589CC8B0064007F /* SceneDelegate.swift */,
				448CE7C02589CC8B0064007F /* ViewController.swift */,
				448CE7C52589CC910064007F /* Assets.xcassets */,
				448CE7EF2589D03A0064007F /* Storyboard */,
				448CE7CA2589CC910064007F /* Info.plist */,
			);
			path = Planty;
			sourceTree = "<group>";
		};
		448CE7D22589CC920064007F /* PlantyTests */ = {
			isa = PBXGroup;
			children = (
				448CE7D32589CC920064007F /* PlantyTests.swift */,
				448CE7D52589CC920064007F /* Info.plist */,
			);
			path = PlantyTests;
			sourceTree = "<group>";
		};
		448CE7DD2589CC920064007F /* PlantyUITests */ = {
			isa = PBXGroup;
			children = (
				448CE7DE2589CC920064007F /* PlantyUITests.swift */,
				448CE7E02589CC920064007F /* Info.plist */,
			);
			path = PlantyUITests;
			sourceTree = "<group>";
		};
		448CE7EF2589D03A0064007F /* Storyboard */ = {
			isa = PBXGroup;
			children = (
				448CE7C22589CC8C0064007F /* Main.storyboard */,
				448CE7C72589CC910064007F /* LaunchScreen.storyboard */,
			);
			path = Storyboard;
			sourceTree = "<group>";
		};
/* End PBXGroup section */

/* Begin PBXNativeTarget section */
		448CE7B82589CC8B0064007F /* Planty */ = {
			isa = PBXNativeTarget;
			buildConfigurationList = 448CE7E32589CC920064007F /* Build configuration list for PBXNativeTarget "Planty" */;
			buildPhases = (
				448CE7B52589CC8B0064007F /* Sources */,
				448CE7B62589CC8B0064007F /* Frameworks */,
				448CE7B72589CC8B0064007F /* Resources */,
			);
			buildRules = (
			);
			dependencies = (
			);
			name = Planty;
			productName = Planty;
			productReference = 448CE7B92589CC8B0064007F /* Planty.app */;
			productType = "com.apple.product-type.application";
		};
		448CE7CE2589CC910064007F /* PlantyTests */ = {
			isa = PBXNativeTarget;
			buildConfigurationList = 448CE7E62589CC920064007F /* Build configuration list for PBXNativeTarget "PlantyTests" */;
			buildPhases = (
				448CE7CB2589CC910064007F /* Sources */,
				448CE7CC2589CC910064007F /* Frameworks */,
				448CE7CD2589CC910064007F /* Resources */,
			);
			buildRules = (
			);
			dependencies = (
				448CE7D12589CC920064007F /* PBXTargetDependency */,
			);
			name = PlantyTests;
			productName = PlantyTests;
			productReference = 448CE7CF2589CC910064007F /* PlantyTests.xctest */;
			productType = "com.apple.product-type.bundle.unit-test";
		};
		448CE7D92589CC920064007F /* PlantyUITests */ = {
			isa = PBXNativeTarget;
			buildConfigurationList = 448CE7E92589CC920064007F /* Build configuration list for PBXNativeTarget "PlantyUITests" */;
			buildPhases = (
				448CE7D62589CC920064007F /* Sources */,
				448CE7D72589CC920064007F /* Frameworks */,
				448CE7D82589CC920064007F /* Resources */,
			);
			buildRules = (
			);
			dependencies = (
				448CE7DC2589CC920064007F /* PBXTargetDependency */,
			);
			name = PlantyUITests;
			productName = PlantyUITests;
			productReference = 448CE7DA2589CC920064007F /* PlantyUITests.xctest */;
			productType = "com.apple.product-type.bundle.ui-testing";
		};
/* End PBXNativeTarget section */

/* Begin PBXProject section */
		448CE7B12589CC8B0064007F /* Project object */ = {
			isa = PBXProject;
			attributes = {
				LastSwiftUpdateCheck = 1220;
				LastUpgradeCheck = 1220;
				TargetAttributes = {
					448CE7B82589CC8B0064007F = {
						CreatedOnToolsVersion = 12.2;
					};
					448CE7CE2589CC910064007F = {
						CreatedOnToolsVersion = 12.2;
						TestTargetID = 448CE7B82589CC8B0064007F;
					};
					448CE7D92589CC920064007F = {
						CreatedOnToolsVersion = 12.2;
						TestTargetID = 448CE7B82589CC8B0064007F;
					};
				};
			};
			buildConfigurationList = 448CE7B42589CC8B0064007F /* Build configuration list for PBXProject "Planty" */;
			compatibilityVersion = "Xcode 9.3";
			developmentRegion = en;
			hasScannedForEncodings = 0;
			knownRegions = (
				en,
				Base,
			);
			mainGroup = 448CE7B02589CC8B0064007F;
			productRefGroup = 448CE7BA2589CC8B0064007F /* Products */;
			projectDirPath = "";
			projectRoot = "";
			targets = (
				448CE7B82589CC8B0064007F /* Planty */,
				448CE7CE2589CC910064007F /* PlantyTests */,
				448CE7D92589CC920064007F /* PlantyUITests */,
			);
		};
/* End PBXProject section */

/* Begin PBXResourcesBuildPhase section */
		448CE7B72589CC8B0064007F /* Resources */ = {
			isa = PBXResourcesBuildPhase;
			buildActionMask = 2147483647;
			files = (
				448CE7C92589CC910064007F /* LaunchScreen.storyboard in Resources */,
				448CE7C62589CC910064007F /* Assets.xcassets in Resources */,
				448CE7C42589CC8C0064007F /* Main.storyboard in Resources */,
			);
			runOnlyForDeploymentPostprocessing = 0;
		};
		448CE7CD2589CC910064007F /* Resources */ = {
			isa = PBXResourcesBuildPhase;
			buildActionMask = 2147483647;
			files = (
			);
			runOnlyForDeploymentPostprocessing = 0;
		};
		448CE7D82589CC920064007F /* Resources */ = {
			isa = PBXResourcesBuildPhase;
			buildActionMask = 2147483647;
			files = (
			);
			runOnlyForDeploymentPostprocessing = 0;
		};
/* End PBXResourcesBuildPhase section */

/* Begin PBXSourcesBuildPhase section */
		448CE7B52589CC8B0064007F /* Sources */ = {
			isa = PBXSourcesBuildPhase;
			buildActionMask = 2147483647;
			files = (
				448CE7C12589CC8B0064007F /* ViewController.swift in Sources */,
				448CE7BD2589CC8B0064007F /* AppDelegate.swift in Sources */,
				448CE7BF2589CC8B0064007F /* SceneDelegate.swift in Sources */,
			);
			runOnlyForDeploymentPostprocessing = 0;
		};
		448CE7CB2589CC910064007F /* Sources */ = {
			isa = PBXSourcesBuildPhase;
			buildActionMask = 2147483647;
			files = (
				448CE7D42589CC920064007F /* PlantyTests.swift in Sources */,
			);
			runOnlyForDeploymentPostprocessing = 0;
		};
		448CE7D62589CC920064007F /* Sources */ = {
			isa = PBXSourcesBuildPhase;
			buildActionMask = 2147483647;
			files = (
				448CE7DF2589CC920064007F /* PlantyUITests.swift in Sources */,
			);
			runOnlyForDeploymentPostprocessing = 0;
		};
/* End PBXSourcesBuildPhase section */

/* Begin PBXTargetDependency section */
		448CE7D12589CC920064007F /* PBXTargetDependency */ = {
			isa = PBXTargetDependency;
			target = 448CE7B82589CC8B0064007F /* Planty */;
			targetProxy = 448CE7D02589CC920064007F /* PBXContainerItemProxy */;
		};
		448CE7DC2589CC920064007F /* PBXTargetDependency */ = {
			isa = PBXTargetDependency;
			target = 448CE7B82589CC8B0064007F /* Planty */;
			targetProxy = 448CE7DB2589CC920064007F /* PBXContainerItemProxy */;
		};
/* End PBXTargetDependency section */

/* Begin PBXVariantGroup section */
		448CE7C22589CC8C0064007F /* Main.storyboard */ = {
			isa = PBXVariantGroup;
			children = (
				448CE7C32589CC8C0064007F /* Base */,
			);
			name = Main.storyboard;
			sourceTree = "<group>";
		};
		448CE7C72589CC910064007F /* LaunchScreen.storyboard */ = {
			isa = PBXVariantGroup;
			children = (
				448CE7C82589CC910064007F /* Base */,
			);
			name = LaunchScreen.storyboard;
			sourceTree = "<group>";
		};
/* End PBXVariantGroup section */

/* Begin XCBuildConfiguration section */
		448CE7E12589CC920064007F /* Debug */ = {
			isa = XCBuildConfiguration;
			buildSettings = {
				ALWAYS_SEARCH_USER_PATHS = NO;
				CLANG_ANALYZER_NONNULL = YES;
				CLANG_ANALYZER_NUMBER_OBJECT_CONVERSION = YES_AGGRESSIVE;
				CLANG_CXX_LANGUAGE_STANDARD = "gnu++14";
				CLANG_CXX_LIBRARY = "libc++";
				CLANG_ENABLE_MODULES = YES;
				CLANG_ENABLE_OBJC_ARC = YES;
				CLANG_ENABLE_OBJC_WEAK = YES;
				CLANG_WARN_BLOCK_CAPTURE_AUTORELEASING = YES;
				CLANG_WARN_BOOL_CONVERSION = YES;
				CLANG_WARN_COMMA = YES;
				CLANG_WARN_CONSTANT_CONVERSION = YES;
				CLANG_WARN_DEPRECATED_OBJC_IMPLEMENTATIONS = YES;
				CLANG_WARN_DIRECT_OBJC_ISA_USAGE = YES_ERROR;
				CLANG_WARN_DOCUMENTATION_COMMENTS = YES;
				CLANG_WARN_EMPTY_BODY = YES;
				CLANG_WARN_ENUM_CONVERSION = YES;
				CLANG_WARN_INFINITE_RECURSION = YES;
				CLANG_WARN_INT_CONVERSION = YES;
				CLANG_WARN_NON_LITERAL_NULL_CONVERSION = YES;
				CLANG_WARN_OBJC_IMPLICIT_RETAIN_SELF = YES;
				CLANG_WARN_OBJC_LITERAL_CONVERSION = YES;
				CLANG_WARN_OBJC_ROOT_CLASS = YES_ERROR;
				CLANG_WARN_QUOTED_INCLUDE_IN_FRAMEWORK_HEADER = YES;
				CLANG_WARN_RANGE_LOOP_ANALYSIS = YES;
				CLANG_WARN_STRICT_PROTOTYPES = YES;
				CLANG_WARN_SUSPICIOUS_MOVE = YES;
				CLANG_WARN_UNGUARDED_AVAILABILITY = YES_AGGRESSIVE;
				CLANG_WARN_UNREACHABLE_CODE = YES;
				CLANG_WARN__DUPLICATE_METHOD_MATCH = YES;
				COPY_PHASE_STRIP = NO;
				DEBUG_INFORMATION_FORMAT = dwarf;
				ENABLE_STRICT_OBJC_MSGSEND = YES;
				ENABLE_TESTABILITY = YES;
				GCC_C_LANGUAGE_STANDARD = gnu11;
				GCC_DYNAMIC_NO_PIC = NO;
				GCC_NO_COMMON_BLOCKS = YES;
				GCC_OPTIMIZATION_LEVEL = 0;
				GCC_PREPROCESSOR_DEFINITIONS = (
					"DEBUG=1",
					"$(inherited)",
				);
				GCC_WARN_64_TO_32_BIT_CONVERSION = YES;
				GCC_WARN_ABOUT_RETURN_TYPE = YES_ERROR;
				GCC_WARN_UNDECLARED_SELECTOR = YES;
				GCC_WARN_UNINITIALIZED_AUTOS = YES_AGGRESSIVE;
				GCC_WARN_UNUSED_FUNCTION = YES;
				GCC_WARN_UNUSED_VARIABLE = YES;
				IPHONEOS_DEPLOYMENT_TARGET = 14.2;
				MTL_ENABLE_DEBUG_INFO = INCLUDE_SOURCE;
				MTL_FAST_MATH = YES;
				ONLY_ACTIVE_ARCH = YES;
				SDKROOT = iphoneos;
				SWIFT_ACTIVE_COMPILATION_CONDITIONS = DEBUG;
				SWIFT_OPTIMIZATION_LEVEL = "-Onone";
			};
			name = Debug;
		};
		448CE7E22589CC920064007F /* Release */ = {
			isa = XCBuildConfiguration;
			buildSettings = {
				ALWAYS_SEARCH_USER_PATHS = NO;
				CLANG_ANALYZER_NONNULL = YES;
				CLANG_ANALYZER_NUMBER_OBJECT_CONVERSION = YES_AGGRESSIVE;
				CLANG_CXX_LANGUAGE_STANDARD = "gnu++14";
				CLANG_CXX_LIBRARY = "libc++";
				CLANG_ENABLE_MODULES = YES;
				CLANG_ENABLE_OBJC_ARC = YES;
				CLANG_ENABLE_OBJC_WEAK = YES;
				CLANG_WARN_BLOCK_CAPTURE_AUTORELEASING = YES;
				CLANG_WARN_BOOL_CONVERSION = YES;
				CLANG_WARN_COMMA = YES;
				CLANG_WARN_CONSTANT_CONVERSION = YES;
				CLANG_WARN_DEPRECATED_OBJC_IMPLEMENTATIONS = YES;
				CLANG_WARN_DIRECT_OBJC_ISA_USAGE = YES_ERROR;
				CLANG_WARN_DOCUMENTATION_COMMENTS = YES;
				CLANG_WARN_EMPTY_BODY = YES;
				CLANG_WARN_ENUM_CONVERSION = YES;
				CLANG_WARN_INFINITE_RECURSION = YES;
				CLANG_WARN_INT_CONVERSION = YES;
				CLANG_WARN_NON_LITERAL_NULL_CONVERSION = YES;
				CLANG_WARN_OBJC_IMPLICIT_RETAIN_SELF = YES;
				CLANG_WARN_OBJC_LITERAL_CONVERSION = YES;
				CLANG_WARN_OBJC_ROOT_CLASS = YES_ERROR;
				CLANG_WARN_QUOTED_INCLUDE_IN_FRAMEWORK_HEADER = YES;
				CLANG_WARN_RANGE_LOOP_ANALYSIS = YES;
				CLANG_WARN_STRICT_PROTOTYPES = YES;
				CLANG_WARN_SUSPICIOUS_MOVE = YES;
				CLANG_WARN_UNGUARDED_AVAILABILITY = YES_AGGRESSIVE;
				CLANG_WARN_UNREACHABLE_CODE = YES;
				CLANG_WARN__DUPLICATE_METHOD_MATCH = YES;
				COPY_PHASE_STRIP = NO;
				DEBUG_INFORMATION_FORMAT = "dwarf-with-dsym";
				ENABLE_NS_ASSERTIONS = NO;
				ENABLE_STRICT_OBJC_MSGSEND = YES;
				GCC_C_LANGUAGE_STANDARD = gnu11;
				GCC_NO_COMMON_BLOCKS = YES;
				GCC_WARN_64_TO_32_BIT_CONVERSION = YES;
				GCC_WARN_ABOUT_RETURN_TYPE = YES_ERROR;
				GCC_WARN_UNDECLARED_SELECTOR = YES;
				GCC_WARN_UNINITIALIZED_AUTOS = YES_AGGRESSIVE;
				GCC_WARN_UNUSED_FUNCTION = YES;
				GCC_WARN_UNUSED_VARIABLE = YES;
				IPHONEOS_DEPLOYMENT_TARGET = 14.2;
				MTL_ENABLE_DEBUG_INFO = NO;
				MTL_FAST_MATH = YES;
				SDKROOT = iphoneos;
				SWIFT_COMPILATION_MODE = wholemodule;
				SWIFT_OPTIMIZATION_LEVEL = "-O";
				VALIDATE_PRODUCT = YES;
			};
			name = Release;
		};
		448CE7E42589CC920064007F /* Debug */ = {
			isa = XCBuildConfiguration;
			buildSettings = {
				ASSETCATALOG_COMPILER_APPICON_NAME = AppIcon;
				ASSETCATALOG_COMPILER_GLOBAL_ACCENT_COLOR_NAME = AccentColor;
				CODE_SIGN_STYLE = Automatic;
				DEVELOPMENT_TEAM = HQ2TDS9ZTM;
				INFOPLIST_FILE = Planty/Info.plist;
				LD_RUNPATH_SEARCH_PATHS = (
					"$(inherited)",
					"@executable_path/Frameworks",
				);
				PRODUCT_BUNDLE_IDENTIFIER = CraigGladJohn.Planty;
				PRODUCT_NAME = "$(TARGET_NAME)";
				SWIFT_VERSION = 5.0;
				TARGETED_DEVICE_FAMILY = "1,2";
			};
			name = Debug;
		};
		448CE7E52589CC920064007F /* Release */ = {
			isa = XCBuildConfiguration;
			buildSettings = {
				ASSETCATALOG_COMPILER_APPICON_NAME = AppIcon;
				ASSETCATALOG_COMPILER_GLOBAL_ACCENT_COLOR_NAME = AccentColor;
				CODE_SIGN_STYLE = Automatic;
				DEVELOPMENT_TEAM = HQ2TDS9ZTM;
				INFOPLIST_FILE = Planty/Info.plist;
				LD_RUNPATH_SEARCH_PATHS = (
					"$(inherited)",
					"@executable_path/Frameworks",
				);
				PRODUCT_BUNDLE_IDENTIFIER = CraigGladJohn.Planty;
				PRODUCT_NAME = "$(TARGET_NAME)";
				SWIFT_VERSION = 5.0;
				TARGETED_DEVICE_FAMILY = "1,2";
			};
			name = Release;
		};
		448CE7E72589CC920064007F /* Debug */ = {
			isa = XCBuildConfiguration;
			buildSettings = {
				ALWAYS_EMBED_SWIFT_STANDARD_LIBRARIES = YES;
				BUNDLE_LOADER = "$(TEST_HOST)";
				CODE_SIGN_STYLE = Automatic;
				DEVELOPMENT_TEAM = HQ2TDS9ZTM;
				INFOPLIST_FILE = PlantyTests/Info.plist;
				IPHONEOS_DEPLOYMENT_TARGET = 14.2;
				LD_RUNPATH_SEARCH_PATHS = (
					"$(inherited)",
					"@executable_path/Frameworks",
					"@loader_path/Frameworks",
				);
				PRODUCT_BUNDLE_IDENTIFIER = CraigGladJohn.PlantyTests;
				PRODUCT_NAME = "$(TARGET_NAME)";
				SWIFT_VERSION = 5.0;
				TARGETED_DEVICE_FAMILY = "1,2";
				TEST_HOST = "$(BUILT_PRODUCTS_DIR)/Planty.app/Planty";
			};
			name = Debug;
		};
		448CE7E82589CC920064007F /* Release */ = {
			isa = XCBuildConfiguration;
			buildSettings = {
				ALWAYS_EMBED_SWIFT_STANDARD_LIBRARIES = YES;
				BUNDLE_LOADER = "$(TEST_HOST)";
				CODE_SIGN_STYLE = Automatic;
				DEVELOPMENT_TEAM = HQ2TDS9ZTM;
				INFOPLIST_FILE = PlantyTests/Info.plist;
				IPHONEOS_DEPLOYMENT_TARGET = 14.2;
				LD_RUNPATH_SEARCH_PATHS = (
					"$(inherited)",
					"@executable_path/Frameworks",
					"@loader_path/Frameworks",
				);
				PRODUCT_BUNDLE_IDENTIFIER = CraigGladJohn.PlantyTests;
				PRODUCT_NAME = "$(TARGET_NAME)";
				SWIFT_VERSION = 5.0;
				TARGETED_DEVICE_FAMILY = "1,2";
				TEST_HOST = "$(BUILT_PRODUCTS_DIR)/Planty.app/Planty";
			};
			name = Release;
		};
		448CE7EA2589CC920064007F /* Debug */ = {
			isa = XCBuildConfiguration;
			buildSettings = {
				ALWAYS_EMBED_SWIFT_STANDARD_LIBRARIES = YES;
				CODE_SIGN_STYLE = Automatic;
				DEVELOPMENT_TEAM = HQ2TDS9ZTM;
				INFOPLIST_FILE = PlantyUITests/Info.plist;
				LD_RUNPATH_SEARCH_PATHS = (
					"$(inherited)",
					"@executable_path/Frameworks",
					"@loader_path/Frameworks",
				);
				PRODUCT_BUNDLE_IDENTIFIER = CraigGladJohn.PlantyUITests;
				PRODUCT_NAME = "$(TARGET_NAME)";
				SWIFT_VERSION = 5.0;
				TARGETED_DEVICE_FAMILY = "1,2";
				TEST_TARGET_NAME = Planty;
			};
			name = Debug;
		};
		448CE7EB2589CC920064007F /* Release */ = {
			isa = XCBuildConfiguration;
			buildSettings = {
				ALWAYS_EMBED_SWIFT_STANDARD_LIBRARIES = YES;
				CODE_SIGN_STYLE = Automatic;
				DEVELOPMENT_TEAM = HQ2TDS9ZTM;
				INFOPLIST_FILE = PlantyUITests/Info.plist;
				LD_RUNPATH_SEARCH_PATHS = (
					"$(inherited)",
					"@executable_path/Frameworks",
					"@loader_path/Frameworks",
				);
				PRODUCT_BUNDLE_IDENTIFIER = CraigGladJohn.PlantyUITests;
				PRODUCT_NAME = "$(TARGET_NAME)";
				SWIFT_VERSION = 5.0;
				TARGETED_DEVICE_FAMILY = "1,2";
				TEST_TARGET_NAME = Planty;
			};
			name = Release;
		};
/* End XCBuildConfiguration section */

/* Begin XCConfigurationList section */
		448CE7B42589CC8B0064007F /* Build configuration list for PBXProject "Planty" */ = {
			isa = XCConfigurationList;
			buildConfigurations = (
				448CE7E12589CC920064007F /* Debug */,
				448CE7E22589CC920064007F /* Release */,
			);
			defaultConfigurationIsVisible = 0;
			defaultConfigurationName = Release;
		};
		448CE7E32589CC920064007F /* Build configuration list for PBXNativeTarget "Planty" */ = {
			isa = XCConfigurationList;
			buildConfigurations = (
				448CE7E42589CC920064007F /* Debug */,
				448CE7E52589CC920064007F /* Release */,
			);
			defaultConfigurationIsVisible = 0;
			defaultConfigurationName = Release;
		};
		448CE7E62589CC920064007F /* Build configuration list for PBXNativeTarget "PlantyTests" */ = {
			isa = XCConfigurationList;
			buildConfigurations = (
				448CE7E72589CC920064007F /* Debug */,
				448CE7E82589CC920064007F /* Release */,
			);
			defaultConfigurationIsVisible = 0;
			defaultConfigurationName = Release;
		};
		448CE7E92589CC920064007F /* Build configuration list for PBXNativeTarget "PlantyUITests" */ = {
			isa = XCConfigurationList;
			buildConfigurations = (
				448CE7EA2589CC920064007F /* Debug */,
				448CE7EB2589CC920064007F /* Release */,
			);
			defaultConfigurationIsVisible = 0;
			defaultConfigurationName = Release;
		};
/* End XCConfigurationList section */
	};
	rootObject = 448CE7B12589CC8B0064007F /* Project object */;
}
